
Microsoft Visual Studio Solution File, Format Version 12.00
# Visual Studio Version 17
VisualStudioVersion = 17.11.35303.130
MinimumVisualStudioVersion = 10.0.40219.1
Project("{8BC9CEB8-8B4A-11D0-8D11-00A0C91BC942}") = "lab_1_1", "Lab_1\Lab_1.vcxproj", "{1089B4D0-6564-4EFC-8C85-55E293B3F39E}"
EndProject
Project("{8BC9CEB8-8B4A-11D0-8D11-00A0C91BC942}") = "lab_1_2", "lab_1_2\lab_1_2.vcxproj", "{C7CA4D06-4120-4270-8620-F9496583C6ED}"
EndProject
Global
	GlobalSection(SolutionConfigurationPlatforms) = preSolution
		Debug|x64 = Debug|x64
		Debug|x86 = Debug|x86
		Release|x64 = Release|x64
		Release|x86 = Release|x86
	EndGlobalSection
	GlobalSection(ProjectConfigurationPlatforms) = postSolution
		{1089B4D0-6564-4EFC-8C85-55E293B3F39E}.Debug|x64.ActiveCfg = Debug|x64
		{1089B4D0-6564-4EFC-8C85-55E293B3F39E}.Debug|x64.Build.0 = Debug|x64
		{1089B4D0-6564-4EFC-8C85-55E293B3F39E}.Debug|x86.ActiveCfg = Debug|Win32
		{1089B4D0-6564-4EFC-8C85-55E293B3F39E}.Debug|x86.Build.0 = Debug|Win32
		{1089B4D0-6564-4EFC-8C85-55E293B3F39E}.Release|x64.ActiveCfg = Release|x64
		{1089B4D0-6564-4EFC-8C85-55E293B3F39E}.Release|x64.Build.0 = Release|x64
		{1089B4D0-6564-4EFC-8C85-55E293B3F39E}.Release|x86.ActiveCfg = Release|Win32
		{1089B4D0-6564-4EFC-8C85-55E293B3F39E}.Release|x86.Build.0 = Release|Win32
		{C7CA4D06-4120-4270-8620-F9496583C6ED}.Debug|x64.ActiveCfg = Debug|x64
		{C7CA4D06-4120-4270-8620-F9496583C6ED}.Debug|x64.Build.0 = Debug|x64
		{C7CA4D06-4120-4270-8620-F9496583C6ED}.Debug|x86.ActiveCfg = Debug|Win32
		{C7CA4D06-4120-4270-8620-F9496583C6ED}.Debug|x86.Build.0 = Debug|Win32
		{C7CA4D06-4120-4270-8620-F9496583C6ED}.Release|x64.ActiveCfg = Release|x64
		{C7CA4D06-4120-4270-8620-F9496583C6ED}.Release|x64.Build.0 = Release|x64
		{C7CA4D06-4120-4270-8620-F9496583C6ED}.Release|x86.ActiveCfg = Release|Win32
		{C7CA4D06-4120-4270-8620-F9496583C6ED}.Release|x86.Build.0 = Release|Win32
	EndGlobalSection
	GlobalSection(SolutionProperties) = preSolution
		HideSolutionNode = FALSE
	EndGlobalSection
	GlobalSection(ExtensibilityGlobals) = postSolution
		SolutionGuid = {D7F76CE3-584D-4835-9118-4676F6A6C06B}
	EndGlobalSection
EndGlobal
